// !$*UTF8*$!
{
	archiveVersion = 1;
	classes = {
	};
	objectVersion = 50;
	objects = {

/* Begin PBXBuildFile section */
		15B68F1FE7FF8AE755A68A93 /* libPods-AnimationDemo.a in Frameworks */ = {isa = PBXBuildFile; fileRef = D1BE3143BE29C5EB73542638 /* libPods-AnimationDemo.a */; };
		E25290A824DB541200375F77 /* AppDelegate.swift in Sources */ = {isa = PBXBuildFile; fileRef = E25290A724DB541200375F77 /* AppDelegate.swift */; };
		E25290AA24DB541200375F77 /* SceneDelegate.swift in Sources */ = {isa = PBXBuildFile; fileRef = E25290A924DB541200375F77 /* SceneDelegate.swift */; };
		E25290AC24DB541200375F77 /* ViewController.swift in Sources */ = {isa = PBXBuildFile; fileRef = E25290AB24DB541200375F77 /* ViewController.swift */; };
		E25290AF24DB541200375F77 /* Main.storyboard in Resources */ = {isa = PBXBuildFile; fileRef = E25290AD24DB541200375F77 /* Main.storyboard */; };
		E25290B124DB541400375F77 /* Assets.xcassets in Resources */ = {isa = PBXBuildFile; fileRef = E25290B024DB541400375F77 /* Assets.xcassets */; };
		E25290B424DB541400375F77 /* LaunchScreen.storyboard in Resources */ = {isa = PBXBuildFile; fileRef = E25290B224DB541400375F77 /* LaunchScreen.storyboard */; };
		E25290BF24DB541400375F77 /* AnimationDemoTests.swift in Sources */ = {isa = PBXBuildFile; fileRef = E25290BE24DB541400375F77 /* AnimationDemoTests.swift */; };
		E25290CA24DB541400375F77 /* AnimationDemoUITests.swift in Sources */ = {isa = PBXBuildFile; fileRef = E25290C924DB541400375F77 /* AnimationDemoUITests.swift */; };
		E270E74224E1025A000D9FDC /* cat.json in Resources */ = {isa = PBXBuildFile; fileRef = E270E73D24E1025A000D9FDC /* cat.json */; };
/* End PBXBuildFile section */

/* Begin PBXContainerItemProxy section */
		E25290BB24DB541400375F77 /* PBXContainerItemProxy */ = {
			isa = PBXContainerItemProxy;
			containerPortal = E252909C24DB541200375F77 /* Project object */;
			proxyType = 1;
			remoteGlobalIDString = E25290A324DB541200375F77;
			remoteInfo = AnimationDemo;
		};
		E25290C624DB541400375F77 /* PBXContainerItemProxy */ = {
			isa = PBXContainerItemProxy;
			containerPortal = E252909C24DB541200375F77 /* Project object */;
			proxyType = 1;
			remoteGlobalIDString = E25290A324DB541200375F77;
			remoteInfo = AnimationDemo;
		};
/* End PBXContainerItemProxy section */

/* Begin PBXFileReference section */
		2CF1D85A0EBF78F650CE89AF /* Pods-AnimationDemo.release.xcconfig */ = {isa = PBXFileReference; includeInIndex = 1; lastKnownFileType = text.xcconfig; name = "Pods-AnimationDemo.release.xcconfig"; path = "Target Support Files/Pods-AnimationDemo/Pods-AnimationDemo.release.xcconfig"; sourceTree = "<group>"; };
		39935D0BFDBF6D09F5DB6138 /* Pods-AnimationDemo.debug.xcconfig */ = {isa = PBXFileReference; includeInIndex = 1; lastKnownFileType = text.xcconfig; name = "Pods-AnimationDemo.debug.xcconfig"; path = "Target Support Files/Pods-AnimationDemo/Pods-AnimationDemo.debug.xcconfig"; sourceTree = "<group>"; };
		D1BE3143BE29C5EB73542638 /* libPods-AnimationDemo.a */ = {isa = PBXFileReference; explicitFileType = archive.ar; includeInIndex = 0; path = "libPods-AnimationDemo.a"; sourceTree = BUILT_PRODUCTS_DIR; };
		E25290A424DB541200375F77 /* AnimationDemo.app */ = {isa = PBXFileReference; explicitFileType = wrapper.application; includeInIndex = 0; path = AnimationDemo.app; sourceTree = BUILT_PRODUCTS_DIR; };
		E25290A724DB541200375F77 /* AppDelegate.swift */ = {isa = PBXFileReference; lastKnownFileType = sourcecode.swift; path = AppDelegate.swift; sourceTree = "<group>"; };
		E25290A924DB541200375F77 /* SceneDelegate.swift */ = {isa = PBXFileReference; lastKnownFileType = sourcecode.swift; path = SceneDelegate.swift; sourceTree = "<group>"; };
		E25290AB24DB541200375F77 /* ViewController.swift */ = {isa = PBXFileReference; lastKnownFileType = sourcecode.swift; path = ViewController.swift; sourceTree = "<group>"; };
		E25290AE24DB541200375F77 /* Base */ = {isa = PBXFileReference; lastKnownFileType = file.storyboard; name = Base; path = Base.lproj/Main.storyboard; sourceTree = "<group>"; };
		E25290B024DB541400375F77 /* Assets.xcassets */ = {isa = PBXFileReference; lastKnownFileType = folder.assetcatalog; path = Assets.xcassets; sourceTree = "<group>"; };
		E25290B324DB541400375F77 /* Base */ = {isa = PBXFileReference; lastKnownFileType = file.storyboard; name = Base; path = Base.lproj/LaunchScreen.storyboard; sourceTree = "<group>"; };
		E25290B524DB541400375F77 /* Info.plist */ = {isa = PBXFileReference; lastKnownFileType = text.plist.xml; path = Info.plist; sourceTree = "<group>"; };
		E25290BA24DB541400375F77 /* AnimationDemoTests.xctest */ = {isa = PBXFileReference; explicitFileType = wrapper.cfbundle; includeInIndex = 0; path = AnimationDemoTests.xctest; sourceTree = BUILT_PRODUCTS_DIR; };
		E25290BE24DB541400375F77 /* AnimationDemoTests.swift */ = {isa = PBXFileReference; lastKnownFileType = sourcecode.swift; path = AnimationDemoTests.swift; sourceTree = "<group>"; };
		E25290C024DB541400375F77 /* Info.plist */ = {isa = PBXFileReference; lastKnownFileType = text.plist.xml; path = Info.plist; sourceTree = "<group>"; };
		E25290C524DB541400375F77 /* AnimationDemoUITests.xctest */ = {isa = PBXFileReference; explicitFileType = wrapper.cfbundle; includeInIndex = 0; path = AnimationDemoUITests.xctest; sourceTree = BUILT_PRODUCTS_DIR; };
		E25290C924DB541400375F77 /* AnimationDemoUITests.swift */ = {isa = PBXFileReference; lastKnownFileType = sourcecode.swift; path = AnimationDemoUITests.swift; sourceTree = "<group>"; };
		E25290CB24DB541400375F77 /* Info.plist */ = {isa = PBXFileReference; lastKnownFileType = text.plist.xml; path = Info.plist; sourceTree = "<group>"; };
		E25290D724DB55EB00375F77 /* TODO.md */ = {isa = PBXFileReference; lastKnownFileType = net.daringfireball.markdown; path = TODO.md; sourceTree = "<group>"; };
		E270E73D24E1025A000D9FDC /* cat.json */ = {isa = PBXFileReference; fileEncoding = 4; lastKnownFileType = text.json; path = cat.json; sourceTree = "<group>"; };
/* End PBXFileReference section */

/* Begin PBXFrameworksBuildPhase section */
		E25290A124DB541200375F77 /* Frameworks */ = {
			isa = PBXFrameworksBuildPhase;
			buildActionMask = 2147483647;
			files = (
				15B68F1FE7FF8AE755A68A93 /* libPods-AnimationDemo.a in Frameworks */,
			);
			runOnlyForDeploymentPostprocessing = 0;
		};
		E25290B724DB541400375F77 /* Frameworks */ = {
			isa = PBXFrameworksBuildPhase;
			buildActionMask = 2147483647;
			files = (
			);
			runOnlyForDeploymentPostprocessing = 0;
		};
		E25290C224DB541400375F77 /* Frameworks */ = {
			isa = PBXFrameworksBuildPhase;
			buildActionMask = 2147483647;
			files = (
			);
			runOnlyForDeploymentPostprocessing = 0;
		};
/* End PBXFrameworksBuildPhase section */

/* Begin PBXGroup section */
		20689BB95B2B5B1DF2ED8A4F /* Frameworks */ = {
			isa = PBXGroup;
			children = (
				D1BE3143BE29C5EB73542638 /* libPods-AnimationDemo.a */,
			);
			name = Frameworks;
			sourceTree = "<group>";
		};
		AF15E51EE83F5865F5EA1691 /* Pods */ = {
			isa = PBXGroup;
			children = (
				39935D0BFDBF6D09F5DB6138 /* Pods-AnimationDemo.debug.xcconfig */,
				2CF1D85A0EBF78F650CE89AF /* Pods-AnimationDemo.release.xcconfig */,
			);
			path = Pods;
			sourceTree = "<group>";
		};
		E252909B24DB541200375F77 = {
			isa = PBXGroup;
			children = (
				E25290A624DB541200375F77 /* AnimationDemo */,
				E25290BD24DB541400375F77 /* AnimationDemoTests */,
				E25290C824DB541400375F77 /* AnimationDemoUITests */,
				E25290A524DB541200375F77 /* Products */,
				AF15E51EE83F5865F5EA1691 /* Pods */,
				20689BB95B2B5B1DF2ED8A4F /* Frameworks */,
			);
			sourceTree = "<group>";
		};
		E25290A524DB541200375F77 /* Products */ = {
			isa = PBXGroup;
			children = (
				E25290A424DB541200375F77 /* AnimationDemo.app */,
				E25290BA24DB541400375F77 /* AnimationDemoTests.xctest */,
				E25290C524DB541400375F77 /* AnimationDemoUITests.xctest */,
			);
			name = Products;
			sourceTree = "<group>";
		};
		E25290A624DB541200375F77 /* AnimationDemo */ = {
			isa = PBXGroup;
			children = (
				E270E73B24E1025A000D9FDC /* Animations */,
				E25290A724DB541200375F77 /* AppDelegate.swift */,
				E25290A924DB541200375F77 /* SceneDelegate.swift */,
				E25290AB24DB541200375F77 /* ViewController.swift */,
				E25290AD24DB541200375F77 /* Main.storyboard */,
				E25290B024DB541400375F77 /* Assets.xcassets */,
				E25290B224DB541400375F77 /* LaunchScreen.storyboard */,
				E25290B524DB541400375F77 /* Info.plist */,
				E25290D724DB55EB00375F77 /* TODO.md */,
			);
			path = AnimationDemo;
			sourceTree = "<group>";
		};
		E25290BD24DB541400375F77 /* AnimationDemoTests */ = {
			isa = PBXGroup;
			children = (
				E25290BE24DB541400375F77 /* AnimationDemoTests.swift */,
				E25290C024DB541400375F77 /* Info.plist */,
			);
			path = AnimationDemoTests;
			sourceTree = "<group>";
		};
		E25290C824DB541400375F77 /* AnimationDemoUITests */ = {
			isa = PBXGroup;
			children = (
				E25290C924DB541400375F77 /* AnimationDemoUITests.swift */,
				E25290CB24DB541400375F77 /* Info.plist */,
			);
			path = AnimationDemoUITests;
			sourceTree = "<group>";
		};
		E270E73B24E1025A000D9FDC /* Animations */ = {
			isa = PBXGroup;
			children = (
				E270E73D24E1025A000D9FDC /* cat.json */,
			);
			path = Animations;
			sourceTree = "<group>";
		};
/* End PBXGroup section */

/* Begin PBXNativeTarget section */
		E25290A324DB541200375F77 /* AnimationDemo */ = {
			isa = PBXNativeTarget;
			buildConfigurationList = E25290CE24DB541400375F77 /* Build configuration list for PBXNativeTarget "AnimationDemo" */;
			buildPhases = (
				29B3975345EDA18521252F94 /* [CP] Check Pods Manifest.lock */,
				E25290A024DB541200375F77 /* Sources */,
				E25290A124DB541200375F77 /* Frameworks */,
				E25290A224DB541200375F77 /* Resources */,
			);
			buildRules = (
			);
			dependencies = (
			);
			name = AnimationDemo;
			productName = AnimationDemo;
			productReference = E25290A424DB541200375F77 /* AnimationDemo.app */;
			productType = "com.apple.product-type.application";
		};
		E25290B924DB541400375F77 /* AnimationDemoTests */ = {
			isa = PBXNativeTarget;
			buildConfigurationList = E25290D124DB541400375F77 /* Build configuration list for PBXNativeTarget "AnimationDemoTests" */;
			buildPhases = (
				E25290B624DB541400375F77 /* Sources */,
				E25290B724DB541400375F77 /* Frameworks */,
				E25290B824DB541400375F77 /* Resources */,
			);
			buildRules = (
			);
			dependencies = (
				E25290BC24DB541400375F77 /* PBXTargetDependency */,
			);
			name = AnimationDemoTests;
			productName = AnimationDemoTests;
			productReference = E25290BA24DB541400375F77 /* AnimationDemoTests.xctest */;
			productType = "com.apple.product-type.bundle.unit-test";
		};
		E25290C424DB541400375F77 /* AnimationDemoUITests */ = {
			isa = PBXNativeTarget;
			buildConfigurationList = E25290D424DB541400375F77 /* Build configuration list for PBXNativeTarget "AnimationDemoUITests" */;
			buildPhases = (
				E25290C124DB541400375F77 /* Sources */,
				E25290C224DB541400375F77 /* Frameworks */,
				E25290C324DB541400375F77 /* Resources */,
			);
			buildRules = (
			);
			dependencies = (
				E25290C724DB541400375F77 /* PBXTargetDependency */,
			);
			name = AnimationDemoUITests;
			productName = AnimationDemoUITests;
			productReference = E25290C524DB541400375F77 /* AnimationDemoUITests.xctest */;
			productType = "com.apple.product-type.bundle.ui-testing";
		};
/* End PBXNativeTarget section */

/* Begin PBXProject section */
		E252909C24DB541200375F77 /* Project object */ = {
			isa = PBXProject;
			attributes = {
				LastSwiftUpdateCheck = 1160;
				LastUpgradeCheck = 1160;
				ORGANIZATIONNAME = "Maitri Mehta";
				TargetAttributes = {
					E25290A324DB541200375F77 = {
						CreatedOnToolsVersion = 11.6;
					};
					E25290B924DB541400375F77 = {
						CreatedOnToolsVersion = 11.6;
						TestTargetID = E25290A324DB541200375F77;
					};
					E25290C424DB541400375F77 = {
						CreatedOnToolsVersion = 11.6;
						TestTargetID = E25290A324DB541200375F77;
					};
				};
			};
			buildConfigurationList = E252909F24DB541200375F77 /* Build configuration list for PBXProject "AnimationDemo" */;
			compatibilityVersion = "Xcode 9.3";
			developmentRegion = en;
			hasScannedForEncodings = 0;
			knownRegions = (
				en,
				Base,
			);
			mainGroup = E252909B24DB541200375F77;
			productRefGroup = E25290A524DB541200375F77 /* Products */;
			projectDirPath = "";
			projectRoot = "";
			targets = (
				E25290A324DB541200375F77 /* AnimationDemo */,
				E25290B924DB541400375F77 /* AnimationDemoTests */,
				E25290C424DB541400375F77 /* AnimationDemoUITests */,
			);
		};
/* End PBXProject section */

/* Begin PBXResourcesBuildPhase section */
		E25290A224DB541200375F77 /* Resources */ = {
			isa = PBXResourcesBuildPhase;
			buildActionMask = 2147483647;
			files = (
				E25290B424DB541400375F77 /* LaunchScreen.storyboard in Resources */,
				E25290B124DB541400375F77 /* Assets.xcassets in Resources */,
				E270E74224E1025A000D9FDC /* cat.json in Resources */,
				E25290AF24DB541200375F77 /* Main.storyboard in Resources */,
			);
			runOnlyForDeploymentPostprocessing = 0;
		};
		E25290B824DB541400375F77 /* Resources */ = {
			isa = PBXResourcesBuildPhase;
			buildActionMask = 2147483647;
			files = (
			);
			runOnlyForDeploymentPostprocessing = 0;
		};
		E25290C324DB541400375F77 /* Resources */ = {
			isa = PBXResourcesBuildPhase;
			buildActionMask = 2147483647;
			files = (
			);
			runOnlyForDeploymentPostprocessing = 0;
		};
/* End PBXResourcesBuildPhase section */

/* Begin PBXShellScriptBuildPhase section */
		29B3975345EDA18521252F94 /* [CP] Check Pods Manifest.lock */ = {
			isa = PBXShellScriptBuildPhase;
			buildActionMask = 2147483647;
			files = (
			);
			inputFileListPaths = (
			);
			inputPaths = (
				"${PODS_PODFILE_DIR_PATH}/Podfile.lock",
				"${PODS_ROOT}/Manifest.lock",
			);
			name = "[CP] Check Pods Manifest.lock";
			outputFileListPaths = (
			);
			outputPaths = (
				"$(DERIVED_FILE_DIR)/Pods-AnimationDemo-checkManifestLockResult.txt",
			);
			runOnlyForDeploymentPostprocessing = 0;
			shellPath = /bin/sh;
			shellScript = "diff \"${PODS_PODFILE_DIR_PATH}/Podfile.lock\" \"${PODS_ROOT}/Manifest.lock\" > /dev/null\nif [ $? != 0 ] ; then\n    # print error to STDERR\n    echo \"error: The sandbox is not in sync with the Podfile.lock. Run 'pod install' or update your CocoaPods installation.\" >&2\n    exit 1\nfi\n# This output is used by Xcode 'outputs' to avoid re-running this script phase.\necho \"SUCCESS\" > \"${SCRIPT_OUTPUT_FILE_0}\"\n";
			showEnvVarsInLog = 0;
		};
/* End PBXShellScriptBuildPhase section */

/* Begin PBXSourcesBuildPhase section */
		E25290A024DB541200375F77 /* Sources */ = {
			isa = PBXSourcesBuildPhase;
			buildActionMask = 2147483647;
			files = (
				E25290AC24DB541200375F77 /* ViewController.swift in Sources */,
				E25290A824DB541200375F77 /* AppDelegate.swift in Sources */,
				E25290AA24DB541200375F77 /* SceneDelegate.swift in Sources */,
			);
			runOnlyForDeploymentPostprocessing = 0;
		};
		E25290B624DB541400375F77 /* Sources */ = {
			isa = PBXSourcesBuildPhase;
			buildActionMask = 2147483647;
			files = (
				E25290BF24DB541400375F77 /* AnimationDemoTests.swift in Sources */,
			);
			runOnlyForDeploymentPostprocessing = 0;
		};
		E25290C124DB541400375F77 /* Sources */ = {
			isa = PBXSourcesBuildPhase;
			buildActionMask = 2147483647;
			files = (
				E25290CA24DB541400375F77 /* AnimationDemoUITests.swift in Sources */,
			);
			runOnlyForDeploymentPostprocessing = 0;
		};
/* End PBXSourcesBuildPhase section */

/* Begin PBXTargetDependency section */
		E25290BC24DB541400375F77 /* PBXTargetDependency */ = {
			isa = PBXTargetDependency;
			target = E25290A324DB541200375F77 /* AnimationDemo */;
			targetProxy = E25290BB24DB541400375F77 /* PBXContainerItemProxy */;
		};
		E25290C724DB541400375F77 /* PBXTargetDependency */ = {
			isa = PBXTargetDependency;
			target = E25290A324DB541200375F77 /* AnimationDemo */;
			targetProxy = E25290C624DB541400375F77 /* PBXContainerItemProxy */;
		};
/* End PBXTargetDependency section */

/* Begin PBXVariantGroup section */
		E25290AD24DB541200375F77 /* Main.storyboard */ = {
			isa = PBXVariantGroup;
			children = (
				E25290AE24DB541200375F77 /* Base */,
			);
			name = Main.storyboard;
			sourceTree = "<group>";
		};
		E25290B224DB541400375F77 /* LaunchScreen.storyboard */ = {
			isa = PBXVariantGroup;
			children = (
				E25290B324DB541400375F77 /* Base */,
			);
			name = LaunchScreen.storyboard;
			sourceTree = "<group>";
		};
/* End PBXVariantGroup section */

/* Begin XCBuildConfiguration section */
		E25290CC24DB541400375F77 /* Debug */ = {
			isa = XCBuildConfiguration;
			buildSettings = {
				ALWAYS_SEARCH_USER_PATHS = NO;
				CLANG_ANALYZER_NONNULL = YES;
				CLANG_ANALYZER_NUMBER_OBJECT_CONVERSION = YES_AGGRESSIVE;
				CLANG_CXX_LANGUAGE_STANDARD = "gnu++14";
				CLANG_CXX_LIBRARY = "libc++";
				CLANG_ENABLE_MODULES = YES;
				CLANG_ENABLE_OBJC_ARC = YES;
				CLANG_ENABLE_OBJC_WEAK = YES;
				CLANG_WARN_BLOCK_CAPTURE_AUTORELEASING = YES;
				CLANG_WARN_BOOL_CONVERSION = YES;
				CLANG_WARN_COMMA = YES;
				CLANG_WARN_CONSTANT_CONVERSION = YES;
				CLANG_WARN_DEPRECATED_OBJC_IMPLEMENTATIONS = YES;
				CLANG_WARN_DIRECT_OBJC_ISA_USAGE = YES_ERROR;
				CLANG_WARN_DOCUMENTATION_COMMENTS = YES;
				CLANG_WARN_EMPTY_BODY = YES;
				CLANG_WARN_ENUM_CONVERSION = YES;
				CLANG_WARN_INFINITE_RECURSION = YES;
				CLANG_WARN_INT_CONVERSION = YES;
				CLANG_WARN_NON_LITERAL_NULL_CONVERSION = YES;
				CLANG_WARN_OBJC_IMPLICIT_RETAIN_SELF = YES;
				CLANG_WARN_OBJC_LITERAL_CONVERSION = YES;
				CLANG_WARN_OBJC_ROOT_CLASS = YES_ERROR;
				CLANG_WARN_RANGE_LOOP_ANALYSIS = YES;
				CLANG_WARN_STRICT_PROTOTYPES = YES;
				CLANG_WARN_SUSPICIOUS_MOVE = YES;
				CLANG_WARN_UNGUARDED_AVAILABILITY = YES_AGGRESSIVE;
				CLANG_WARN_UNREACHABLE_CODE = YES;
				CLANG_WARN__DUPLICATE_METHOD_MATCH = YES;
				COPY_PHASE_STRIP = NO;
				DEBUG_INFORMATION_FORMAT = dwarf;
				ENABLE_STRICT_OBJC_MSGSEND = YES;
				ENABLE_TESTABILITY = YES;
				GCC_C_LANGUAGE_STANDARD = gnu11;
				GCC_DYNAMIC_NO_PIC = NO;
				GCC_NO_COMMON_BLOCKS = YES;
				GCC_OPTIMIZATION_LEVEL = 0;
				GCC_PREPROCESSOR_DEFINITIONS = (
					"DEBUG=1",
					"$(inherited)",
				);
				GCC_WARN_64_TO_32_BIT_CONVERSION = YES;
				GCC_WARN_ABOUT_RETURN_TYPE = YES_ERROR;
				GCC_WARN_UNDECLARED_SELECTOR = YES;
				GCC_WARN_UNINITIALIZED_AUTOS = YES_AGGRESSIVE;
				GCC_WARN_UNUSED_FUNCTION = YES;
				GCC_WARN_UNUSED_VARIABLE = YES;
				IPHONEOS_DEPLOYMENT_TARGET = 13.6;
				MTL_ENABLE_DEBUG_INFO = INCLUDE_SOURCE;
				MTL_FAST_MATH = YES;
				ONLY_ACTIVE_ARCH = YES;
				SDKROOT = iphoneos;
				SWIFT_ACTIVE_COMPILATION_CONDITIONS = DEBUG;
				SWIFT_OPTIMIZATION_LEVEL = "-Onone";
			};
			name = Debug;
		};
		E25290CD24DB541400375F77 /* Release */ = {
			isa = XCBuildConfiguration;
			buildSettings = {
				ALWAYS_SEARCH_USER_PATHS = NO;
				CLANG_ANALYZER_NONNULL = YES;
				CLANG_ANALYZER_NUMBER_OBJECT_CONVERSION = YES_AGGRESSIVE;
				CLANG_CXX_LANGUAGE_STANDARD = "gnu++14";
				CLANG_CXX_LIBRARY = "libc++";
				CLANG_ENABLE_MODULES = YES;
				CLANG_ENABLE_OBJC_ARC = YES;
				CLANG_ENABLE_OBJC_WEAK = YES;
				CLANG_WARN_BLOCK_CAPTURE_AUTORELEASING = YES;
				CLANG_WARN_BOOL_CONVERSION = YES;
				CLANG_WARN_COMMA = YES;
				CLANG_WARN_CONSTANT_CONVERSION = YES;
				CLANG_WARN_DEPRECATED_OBJC_IMPLEMENTATIONS = YES;
				CLANG_WARN_DIRECT_OBJC_ISA_USAGE = YES_ERROR;
				CLANG_WARN_DOCUMENTATION_COMMENTS = YES;
				CLANG_WARN_EMPTY_BODY = YES;
				CLANG_WARN_ENUM_CONVERSION = YES;
				CLANG_WARN_INFINITE_RECURSION = YES;
				CLANG_WARN_INT_CONVERSION = YES;
				CLANG_WARN_NON_LITERAL_NULL_CONVERSION = YES;
				CLANG_WARN_OBJC_IMPLICIT_RETAIN_SELF = YES;
				CLANG_WARN_OBJC_LITERAL_CONVERSION = YES;
				CLANG_WARN_OBJC_ROOT_CLASS = YES_ERROR;
				CLANG_WARN_RANGE_LOOP_ANALYSIS = YES;
				CLANG_WARN_STRICT_PROTOTYPES = YES;
				CLANG_WARN_SUSPICIOUS_MOVE = YES;
				CLANG_WARN_UNGUARDED_AVAILABILITY = YES_AGGRESSIVE;
				CLANG_WARN_UNREACHABLE_CODE = YES;
				CLANG_WARN__DUPLICATE_METHOD_MATCH = YES;
				COPY_PHASE_STRIP = NO;
				DEBUG_INFORMATION_FORMAT = "dwarf-with-dsym";
				ENABLE_NS_ASSERTIONS = NO;
				ENABLE_STRICT_OBJC_MSGSEND = YES;
				GCC_C_LANGUAGE_STANDARD = gnu11;
				GCC_NO_COMMON_BLOCKS = YES;
				GCC_WARN_64_TO_32_BIT_CONVERSION = YES;
				GCC_WARN_ABOUT_RETURN_TYPE = YES_ERROR;
				GCC_WARN_UNDECLARED_SELECTOR = YES;
				GCC_WARN_UNINITIALIZED_AUTOS = YES_AGGRESSIVE;
				GCC_WARN_UNUSED_FUNCTION = YES;
				GCC_WARN_UNUSED_VARIABLE = YES;
				IPHONEOS_DEPLOYMENT_TARGET = 13.6;
				MTL_ENABLE_DEBUG_INFO = NO;
				MTL_FAST_MATH = YES;
				SDKROOT = iphoneos;
				SWIFT_COMPILATION_MODE = wholemodule;
				SWIFT_OPTIMIZATION_LEVEL = "-O";
				VALIDATE_PRODUCT = YES;
			};
			name = Release;
		};
		E25290CF24DB541400375F77 /* Debug */ = {
			isa = XCBuildConfiguration;
			baseConfigurationReference = 39935D0BFDBF6D09F5DB6138 /* Pods-AnimationDemo.debug.xcconfig */;
			buildSettings = {
				ASSETCATALOG_COMPILER_APPICON_NAME = AppIcon;
				CODE_SIGN_STYLE = Automatic;
				INFOPLIST_FILE = AnimationDemo/Info.plist;
				LD_RUNPATH_SEARCH_PATHS = (
					"$(inherited)",
					"@executable_path/Frameworks",
				);
				PRODUCT_BUNDLE_IDENTIFIER = MBM.AnimationDemo;
				PRODUCT_NAME = "$(TARGET_NAME)";
				SWIFT_VERSION = 5.0;
				TARGETED_DEVICE_FAMILY = "1,2";
			};
			name = Debug;
		};
		E25290D024DB541400375F77 /* Release */ = {
			isa = XCBuildConfiguration;
			baseConfigurationReference = 2CF1D85A0EBF78F650CE89AF /* Pods-AnimationDemo.release.xcconfig */;
			buildSettings = {
				ASSETCATALOG_COMPILER_APPICON_NAME = AppIcon;
				CODE_SIGN_STYLE = Automatic;
				INFOPLIST_FILE = AnimationDemo/Info.plist;
				LD_RUNPATH_SEARCH_PATHS = (
					"$(inherited)",
					"@executable_path/Frameworks",
				);
				PRODUCT_BUNDLE_IDENTIFIER = MBM.AnimationDemo;
				PRODUCT_NAME = "$(TARGET_NAME)";
				SWIFT_VERSION = 5.0;
				TARGETED_DEVICE_FAMILY = "1,2";
			};
			name = Release;
		};
		E25290D224DB541400375F77 /* Debug */ = {
			isa = XCBuildConfiguration;
			buildSettings = {
				ALWAYS_EMBED_SWIFT_STANDARD_LIBRARIES = YES;
				BUNDLE_LOADER = "$(TEST_HOST)";
				CODE_SIGN_STYLE = Automatic;
				INFOPLIST_FILE = AnimationDemoTests/Info.plist;
				IPHONEOS_DEPLOYMENT_TARGET = 13.6;
				LD_RUNPATH_SEARCH_PATHS = (
					"$(inherited)",
					"@executable_path/Frameworks",
					"@loader_path/Frameworks",
				);
				PRODUCT_BUNDLE_IDENTIFIER = MBM.AnimationDemoTests;
				PRODUCT_NAME = "$(TARGET_NAME)";
				SWIFT_VERSION = 5.0;
				TARGETED_DEVICE_FAMILY = "1,2";
				TEST_HOST = "$(BUILT_PRODUCTS_DIR)/AnimationDemo.app/AnimationDemo";
			};
			name = Debug;
		};
		E25290D324DB541400375F77 /* Release */ = {
			isa = XCBuildConfiguration;
			buildSettings = {
				ALWAYS_EMBED_SWIFT_STANDARD_LIBRARIES = YES;
				BUNDLE_LOADER = "$(TEST_HOST)";
				CODE_SIGN_STYLE = Automatic;
				INFOPLIST_FILE = AnimationDemoTests/Info.plist;
				IPHONEOS_DEPLOYMENT_TARGET = 13.6;
				LD_RUNPATH_SEARCH_PATHS = (
					"$(inherited)",
					"@executable_path/Frameworks",
					"@loader_path/Frameworks",
				);
				PRODUCT_BUNDLE_IDENTIFIER = MBM.AnimationDemoTests;
				PRODUCT_NAME = "$(TARGET_NAME)";
				SWIFT_VERSION = 5.0;
				TARGETED_DEVICE_FAMILY = "1,2";
				TEST_HOST = "$(BUILT_PRODUCTS_DIR)/AnimationDemo.app/AnimationDemo";
			};
			name = Release;
		};
		E25290D524DB541400375F77 /* Debug */ = {
			isa = XCBuildConfiguration;
			buildSettings = {
				ALWAYS_EMBED_SWIFT_STANDARD_LIBRARIES = YES;
				CODE_SIGN_STYLE = Automatic;
				INFOPLIST_FILE = AnimationDemoUITests/Info.plist;
				LD_RUNPATH_SEARCH_PATHS = (
					"$(inherited)",
					"@executable_path/Frameworks",
					"@loader_path/Frameworks",
				);
				PRODUCT_BUNDLE_IDENTIFIER = MBM.AnimationDemoUITests;
				PRODUCT_NAME = "$(TARGET_NAME)";
				SWIFT_VERSION = 5.0;
				TARGETED_DEVICE_FAMILY = "1,2";
				TEST_TARGET_NAME = AnimationDemo;
			};
			name = Debug;
		};
		E25290D624DB541400375F77 /* Release */ = {
			isa = XCBuildConfiguration;
			buildSettings = {
				ALWAYS_EMBED_SWIFT_STANDARD_LIBRARIES = YES;
				CODE_SIGN_STYLE = Automatic;
				INFOPLIST_FILE = AnimationDemoUITests/Info.plist;
				LD_RUNPATH_SEARCH_PATHS = (
					"$(inherited)",
					"@executable_path/Frameworks",
					"@loader_path/Frameworks",
				);
				PRODUCT_BUNDLE_IDENTIFIER = MBM.AnimationDemoUITests;
				PRODUCT_NAME = "$(TARGET_NAME)";
				SWIFT_VERSION = 5.0;
				TARGETED_DEVICE_FAMILY = "1,2";
				TEST_TARGET_NAME = AnimationDemo;
			};
			name = Release;
		};
/* End XCBuildConfiguration section */

/* Begin XCConfigurationList section */
		E252909F24DB541200375F77 /* Build configuration list for PBXProject "AnimationDemo" */ = {
			isa = XCConfigurationList;
			buildConfigurations = (
				E25290CC24DB541400375F77 /* Debug */,
				E25290CD24DB541400375F77 /* Release */,
			);
			defaultConfigurationIsVisible = 0;
			defaultConfigurationName = Release;
		};
		E25290CE24DB541400375F77 /* Build configuration list for PBXNativeTarget "AnimationDemo" */ = {
			isa = XCConfigurationList;
			buildConfigurations = (
				E25290CF24DB541400375F77 /* Debug */,
				E25290D024DB541400375F77 /* Release */,
			);
			defaultConfigurationIsVisible = 0;
			defaultConfigurationName = Release;
		};
		E25290D124DB541400375F77 /* Build configuration list for PBXNativeTarget "AnimationDemoTests" */ = {
			isa = XCConfigurationList;
			buildConfigurations = (
				E25290D224DB541400375F77 /* Debug */,
				E25290D324DB541400375F77 /* Release */,
			);
			defaultConfigurationIsVisible = 0;
			defaultConfigurationName = Release;
		};
		E25290D424DB541400375F77 /* Build configuration list for PBXNativeTarget "AnimationDemoUITests" */ = {
			isa = XCConfigurationList;
			buildConfigurations = (
				E25290D524DB541400375F77 /* Debug */,
				E25290D624DB541400375F77 /* Release */,
			);
			defaultConfigurationIsVisible = 0;
			defaultConfigurationName = Release;
		};
/* End XCConfigurationList section */
	};
	rootObject = E252909C24DB541200375F77 /* Project object */;
}
